// !$*UTF8*$!
{
	archiveVersion = 1;
	classes = {
	};
	objectVersion = 46;
	objects = {

/* Begin PBXBuildFile section */
		1B435D871F0C79AF00CADBF5 /* Main.storyboard in Resources */ = {isa = PBXBuildFile; fileRef = 1B435D851F0C79AF00CADBF5 /* Main.storyboard */; };
		1B435D8C1F0C79AF00CADBF5 /* Assets.xcassets in Resources */ = {isa = PBXBuildFile; fileRef = 1B435D8B1F0C79AF00CADBF5 /* Assets.xcassets */; };
		1B435D8F1F0C79AF00CADBF5 /* LaunchScreen.storyboard in Resources */ = {isa = PBXBuildFile; fileRef = 1B435D8D1F0C79AF00CADBF5 /* LaunchScreen.storyboard */; };
		1B435D9A1F0C79AF00CADBF5 /* ACHProjectTests.m in Sources */ = {isa = PBXBuildFile; fileRef = 1B435D991F0C79AF00CADBF5 /* ACHProjectTests.m */; };
		1B435DA51F0C79AF00CADBF5 /* ACHProjectUITests.m in Sources */ = {isa = PBXBuildFile; fileRef = 1B435DA41F0C79AF00CADBF5 /* ACHProjectUITests.m */; };
		88ACFEF278695CB777D3AA29 /* libPods-ACHProject.a in Frameworks */ = {isa = PBXBuildFile; fileRef = 09BE148995B399C572A52F0C /* libPods-ACHProject.a */; };
		FD246F5B1F4EDA1A00BC757C /* RegistViewController.m in Sources */ = {isa = PBXBuildFile; fileRef = FD246F5A1F4EDA1A00BC757C /* RegistViewController.m */; };
		FD2BEDEA1F5561E9002D646A /* LoginViewController.m in Sources */ = {isa = PBXBuildFile; fileRef = FD2BEDE81F5561E9002D646A /* LoginViewController.m */; };
		FD2BEDEB1F5561E9002D646A /* LoginViewController.xib in Resources */ = {isa = PBXBuildFile; fileRef = FD2BEDE91F5561E9002D646A /* LoginViewController.xib */; };
		FD2BEDEF1F556687002D646A /* HYPageView.m in Sources */ = {isa = PBXBuildFile; fileRef = FD2BEDEE1F556687002D646A /* HYPageView.m */; };
		FD37E9D11F56BE3900B0ABDE /* PopularStoreCell.m in Sources */ = {isa = PBXBuildFile; fileRef = FD37E9CD1F56BE3900B0ABDE /* PopularStoreCell.m */; };
		FD37E9D21F56BE3900B0ABDE /* PopularStoreCell.xib in Resources */ = {isa = PBXBuildFile; fileRef = FD37E9CE1F56BE3900B0ABDE /* PopularStoreCell.xib */; };
		FD4484E21F579A3D006533C3 /* FastidiousChoiseCell.m in Sources */ = {isa = PBXBuildFile; fileRef = FD4484E01F579A3D006533C3 /* FastidiousChoiseCell.m */; };
		FD4484E31F579A3D006533C3 /* FastidiousChoiseCell.xib in Resources */ = {isa = PBXBuildFile; fileRef = FD4484E11F579A3D006533C3 /* FastidiousChoiseCell.xib */; };
		FD4484EF1F57D987006533C3 /* BGTopSilderBar.m in Sources */ = {isa = PBXBuildFile; fileRef = FD4484E91F57D987006533C3 /* BGTopSilderBar.m */; };
		FD4484F01F57D987006533C3 /* BGTopSilderBarCell.m in Sources */ = {isa = PBXBuildFile; fileRef = FD4484EB1F57D987006533C3 /* BGTopSilderBarCell.m */; };
		FD4484F11F57D987006533C3 /* BGTopSilderBarCell.xib in Resources */ = {isa = PBXBuildFile; fileRef = FD4484EC1F57D987006533C3 /* BGTopSilderBarCell.xib */; };
		FD4484F21F57D987006533C3 /* global.m in Sources */ = {isa = PBXBuildFile; fileRef = FD4484EE1F57D987006533C3 /* global.m */; };
		FD4484F61F58064F006533C3 /* RushBuyCell.m in Sources */ = {isa = PBXBuildFile; fileRef = FD4484F41F58064F006533C3 /* RushBuyCell.m */; };
		FD4484F71F58064F006533C3 /* RushBuyCell.xib in Resources */ = {isa = PBXBuildFile; fileRef = FD4484F51F58064F006533C3 /* RushBuyCell.xib */; };
		FD46B8681F55418C00A744AE /* LirenViewController.m in Sources */ = {isa = PBXBuildFile; fileRef = FD46B8671F55418C00A744AE /* LirenViewController.m */; };
		FD46B86B1F5541F500A744AE /* EntertainmentViewController.m in Sources */ = {isa = PBXBuildFile; fileRef = FD46B86A1F5541F500A744AE /* EntertainmentViewController.m */; };
		FD46B86E1F55421E00A744AE /* ServiceViewController.m in Sources */ = {isa = PBXBuildFile; fileRef = FD46B86D1F55421E00A744AE /* ServiceViewController.m */; };
		FD49E9251F4D6245002B8736 /* ACHProject.xcdatamodeld in Sources */ = {isa = PBXBuildFile; fileRef = FD49E9201F4D6245002B8736 /* ACHProject.xcdatamodeld */; };
		FD49E9311F4D6B8B002B8736 /* AppDelegate.m in Sources */ = {isa = PBXBuildFile; fileRef = FD49E92F1F4D6B8B002B8736 /* AppDelegate.m */; };
		FD49E9321F4D6B8B002B8736 /* main.m in Sources */ = {isa = PBXBuildFile; fileRef = FD49E9301F4D6B8B002B8736 /* main.m */; };
		FD54B9F11F53F99D00F44DB8 /* BaseNavigationController.m in Sources */ = {isa = PBXBuildFile; fileRef = FD54B9EC1F53F99D00F44DB8 /* BaseNavigationController.m */; };
		FD54B9F21F53F99D00F44DB8 /* BaseViewController.m in Sources */ = {isa = PBXBuildFile; fileRef = FD54B9EE1F53F99D00F44DB8 /* BaseViewController.m */; };
		FD54B9F31F53F99D00F44DB8 /* RootTabBarController.m in Sources */ = {isa = PBXBuildFile; fileRef = FD54B9F01F53F99D00F44DB8 /* RootTabBarController.m */; };
		FD54B9F61F53FB4900F44DB8 /* UIImage+Ext.m in Sources */ = {isa = PBXBuildFile; fileRef = FD54B9F51F53FB4900F44DB8 /* UIImage+Ext.m */; };
		FD54B9F91F53FCE100F44DB8 /* UIView+Resuable.m in Sources */ = {isa = PBXBuildFile; fileRef = FD54B9F81F53FCE100F44DB8 /* UIView+Resuable.m */; };
		FD54B9FC1F53FE4500F44DB8 /* UIControl+BlocksKit.m in Sources */ = {isa = PBXBuildFile; fileRef = FD54B9FB1F53FE4500F44DB8 /* UIControl+BlocksKit.m */; };
		FD54BA171F54134800F44DB8 /* DotCountLabel.m in Sources */ = {isa = PBXBuildFile; fileRef = FD54BA141F54134800F44DB8 /* DotCountLabel.m */; };
		FD54BA181F54134800F44DB8 /* YJSliderView.m in Sources */ = {isa = PBXBuildFile; fileRef = FD54BA161F54134800F44DB8 /* YJSliderView.m */; };
		FD54BA1B1F5413E800F44DB8 /* HomeClassViewController.m in Sources */ = {isa = PBXBuildFile; fileRef = FD54BA1A1F5413E800F44DB8 /* HomeClassViewController.m */; };
		FD5AEDBB1F5920F000D3603E /* AdvertiseCell.m in Sources */ = {isa = PBXBuildFile; fileRef = FD5AEDB91F5920F000D3603E /* AdvertiseCell.m */; };
		FD5AEDBC1F5920F000D3603E /* AdvertiseCell.xib in Resources */ = {isa = PBXBuildFile; fileRef = FD5AEDBA1F5920F000D3603E /* AdvertiseCell.xib */; };
		FD5AEDC51F5937A900D3603E /* HomeToolCell.m in Sources */ = {isa = PBXBuildFile; fileRef = FD5AEDC31F5937A900D3603E /* HomeToolCell.m */; };
		FD5AEDC61F5937A900D3603E /* HomeToolCell.xib in Resources */ = {isa = PBXBuildFile; fileRef = FD5AEDC41F5937A900D3603E /* HomeToolCell.xib */; };
		FD5AEDC91F593DFE00D3603E /* HomeToolView.m in Sources */ = {isa = PBXBuildFile; fileRef = FD5AEDC81F593DFE00D3603E /* HomeToolView.m */; };
		FD745F6E1F4E73A6008D7086 /* default@2x.png in Resources */ = {isa = PBXBuildFile; fileRef = FD745F631F4E73A6008D7086 /* default@2x.png */; };
		FD745F6F1F4E73A6008D7086 /* GUIDE1.jpg in Resources */ = {isa = PBXBuildFile; fileRef = FD745F641F4E73A6008D7086 /* GUIDE1.jpg */; };
		FD745F701F4E73A6008D7086 /* GUIDE2.jpg in Resources */ = {isa = PBXBuildFile; fileRef = FD745F651F4E73A6008D7086 /* GUIDE2.jpg */; };
		FD745F711F4E73A6008D7086 /* GUIDE3.jpg in Resources */ = {isa = PBXBuildFile; fileRef = FD745F661F4E73A6008D7086 /* GUIDE3.jpg */; };
		FD745F721F4E73A6008D7086 /* GUIDE4.jpg in Resources */ = {isa = PBXBuildFile; fileRef = FD745F671F4E73A6008D7086 /* GUIDE4.jpg */; };
		FD745F761F4E73A6008D7086 /* LaunchImage-800-667h@2x.png in Resources */ = {isa = PBXBuildFile; fileRef = FD745F6B1F4E73A6008D7086 /* LaunchImage-800-667h@2x.png */; };
		FD745F771F4E73A6008D7086 /* launchImage@2x.png in Resources */ = {isa = PBXBuildFile; fileRef = FD745F6C1F4E73A6008D7086 /* launchImage@2x.png */; };
		FD745F781F4E73A6008D7086 /* Launchwgss@2x.png in Resources */ = {isa = PBXBuildFile; fileRef = FD745F6D1F4E73A6008D7086 /* Launchwgss@2x.png */; };
		FD745FA71F4E757A008D7086 /* UIView+FrameExt.m in Sources */ = {isa = PBXBuildFile; fileRef = FD745F841F4E757A008D7086 /* UIView+FrameExt.m */; };
		FD8DC6501F4EA0F60036D193 /* AnimationView.m in Sources */ = {isa = PBXBuildFile; fileRef = FD8DC64F1F4EA0F60036D193 /* AnimationView.m */; };
		FD8DC65B1F4EAE380036D193 /* HomeViewController.m in Sources */ = {isa = PBXBuildFile; fileRef = FD8DC65A1F4EAE380036D193 /* HomeViewController.m */; };
		FD8DC65F1F4EB07C0036D193 /* FightGroupViewController.m in Sources */ = {isa = PBXBuildFile; fileRef = FD8DC65E1F4EB07C0036D193 /* FightGroupViewController.m */; };
		FD8DC6631F4EB0BD0036D193 /* MineViewController.m in Sources */ = {isa = PBXBuildFile; fileRef = FD8DC6621F4EB0BD0036D193 /* MineViewController.m */; };
		FD8DC6671F4EBBAA0036D193 /* CommondTools.m in Sources */ = {isa = PBXBuildFile; fileRef = FD8DC6661F4EBBAA0036D193 /* CommondTools.m */; };
		FD8DC66A1F4EBFFD0036D193 /* ViewController.m in Sources */ = {isa = PBXBuildFile; fileRef = FD8DC6691F4EBFFD0036D193 /* ViewController.m */; };
/* End PBXBuildFile section */

/* Begin PBXContainerItemProxy section */
		1B435D961F0C79AF00CADBF5 /* PBXContainerItemProxy */ = {
			isa = PBXContainerItemProxy;
			containerPortal = 1B435D711F0C79AF00CADBF5 /* Project object */;
			proxyType = 1;
			remoteGlobalIDString = 1B435D781F0C79AF00CADBF5;
			remoteInfo = ACHProject;
		};
		1B435DA11F0C79AF00CADBF5 /* PBXContainerItemProxy */ = {
			isa = PBXContainerItemProxy;
			containerPortal = 1B435D711F0C79AF00CADBF5 /* Project object */;
			proxyType = 1;
			remoteGlobalIDString = 1B435D781F0C79AF00CADBF5;
			remoteInfo = ACHProject;
		};
/* End PBXContainerItemProxy section */

/* Begin PBXFileReference section */
		09BE148995B399C572A52F0C /* libPods-ACHProject.a */ = {isa = PBXFileReference; explicitFileType = archive.ar; includeInIndex = 0; path = "libPods-ACHProject.a"; sourceTree = BUILT_PRODUCTS_DIR; };
		1B435D791F0C79AF00CADBF5 /* ACHProject.app */ = {isa = PBXFileReference; explicitFileType = wrapper.application; includeInIndex = 0; path = ACHProject.app; sourceTree = BUILT_PRODUCTS_DIR; };
		1B435D861F0C79AF00CADBF5 /* Base */ = {isa = PBXFileReference; lastKnownFileType = file.storyboard; name = Base; path = Base.lproj/Main.storyboard; sourceTree = "<group>"; };
		1B435D8B1F0C79AF00CADBF5 /* Assets.xcassets */ = {isa = PBXFileReference; lastKnownFileType = folder.assetcatalog; path = Assets.xcassets; sourceTree = "<group>"; };
		1B435D8E1F0C79AF00CADBF5 /* Base */ = {isa = PBXFileReference; lastKnownFileType = file.storyboard; name = Base; path = Base.lproj/LaunchScreen.storyboard; sourceTree = "<group>"; };
		1B435D901F0C79AF00CADBF5 /* Info.plist */ = {isa = PBXFileReference; lastKnownFileType = text.plist.xml; path = Info.plist; sourceTree = "<group>"; };
		1B435D951F0C79AF00CADBF5 /* ACHProjectTests.xctest */ = {isa = PBXFileReference; explicitFileType = wrapper.cfbundle; includeInIndex = 0; path = ACHProjectTests.xctest; sourceTree = BUILT_PRODUCTS_DIR; };
		1B435D991F0C79AF00CADBF5 /* ACHProjectTests.m */ = {isa = PBXFileReference; lastKnownFileType = sourcecode.c.objc; path = ACHProjectTests.m; sourceTree = "<group>"; };
		1B435D9B1F0C79AF00CADBF5 /* Info.plist */ = {isa = PBXFileReference; lastKnownFileType = text.plist.xml; path = Info.plist; sourceTree = "<group>"; };
		1B435DA01F0C79AF00CADBF5 /* ACHProjectUITests.xctest */ = {isa = PBXFileReference; explicitFileType = wrapper.cfbundle; includeInIndex = 0; path = ACHProjectUITests.xctest; sourceTree = BUILT_PRODUCTS_DIR; };
		1B435DA41F0C79AF00CADBF5 /* ACHProjectUITests.m */ = {isa = PBXFileReference; lastKnownFileType = sourcecode.c.objc; path = ACHProjectUITests.m; sourceTree = "<group>"; };
		1B435DA61F0C79AF00CADBF5 /* Info.plist */ = {isa = PBXFileReference; lastKnownFileType = text.plist.xml; path = Info.plist; sourceTree = "<group>"; };
		1B56FDD81F2736FD00D795B8 /* AXDPrefixHeader.pch */ = {isa = PBXFileReference; fileEncoding = 4; lastKnownFileType = sourcecode.c.h; path = AXDPrefixHeader.pch; sourceTree = "<group>"; };
		4AE9431428C05CAA6BA3737D /* Pods-ACHProject.debug.xcconfig */ = {isa = PBXFileReference; includeInIndex = 1; lastKnownFileType = text.xcconfig; name = "Pods-ACHProject.debug.xcconfig"; path = "Pods/Target Support Files/Pods-ACHProject/Pods-ACHProject.debug.xcconfig"; sourceTree = "<group>"; };
		C6C3C96A862F8057EBA91D12 /* Pods-ACHProject.release.xcconfig */ = {isa = PBXFileReference; includeInIndex = 1; lastKnownFileType = text.xcconfig; name = "Pods-ACHProject.release.xcconfig"; path = "Pods/Target Support Files/Pods-ACHProject/Pods-ACHProject.release.xcconfig"; sourceTree = "<group>"; };
		FD246F591F4EDA1A00BC757C /* RegistViewController.h */ = {isa = PBXFileReference; fileEncoding = 4; lastKnownFileType = sourcecode.c.h; path = RegistViewController.h; sourceTree = "<group>"; };
		FD246F5A1F4EDA1A00BC757C /* RegistViewController.m */ = {isa = PBXFileReference; fileEncoding = 4; lastKnownFileType = sourcecode.c.objc; path = RegistViewController.m; sourceTree = "<group>"; };
		FD2BEDE71F5561E9002D646A /* LoginViewController.h */ = {isa = PBXFileReference; fileEncoding = 4; lastKnownFileType = sourcecode.c.h; path = LoginViewController.h; sourceTree = "<group>"; };
		FD2BEDE81F5561E9002D646A /* LoginViewController.m */ = {isa = PBXFileReference; fileEncoding = 4; lastKnownFileType = sourcecode.c.objc; path = LoginViewController.m; sourceTree = "<group>"; };
		FD2BEDE91F5561E9002D646A /* LoginViewController.xib */ = {isa = PBXFileReference; fileEncoding = 4; lastKnownFileType = file.xib; path = LoginViewController.xib; sourceTree = "<group>"; };
		FD2BEDED1F556687002D646A /* HYPageView.h */ = {isa = PBXFileReference; fileEncoding = 4; lastKnownFileType = sourcecode.c.h; path = HYPageView.h; sourceTree = "<group>"; };
		FD2BEDEE1F556687002D646A /* HYPageView.m */ = {isa = PBXFileReference; fileEncoding = 4; lastKnownFileType = sourcecode.c.objc; path = HYPageView.m; sourceTree = "<group>"; };
		FD37E9CC1F56BE3900B0ABDE /* PopularStoreCell.h */ = {isa = PBXFileReference; fileEncoding = 4; lastKnownFileType = sourcecode.c.h; path = PopularStoreCell.h; sourceTree = "<group>"; };
		FD37E9CD1F56BE3900B0ABDE /* PopularStoreCell.m */ = {isa = PBXFileReference; fileEncoding = 4; lastKnownFileType = sourcecode.c.objc; path = PopularStoreCell.m; sourceTree = "<group>"; };
		FD37E9CE1F56BE3900B0ABDE /* PopularStoreCell.xib */ = {isa = PBXFileReference; fileEncoding = 4; lastKnownFileType = file.xib; path = PopularStoreCell.xib; sourceTree = "<group>"; };
		FD4484DF1F579A3D006533C3 /* FastidiousChoiseCell.h */ = {isa = PBXFileReference; fileEncoding = 4; lastKnownFileType = sourcecode.c.h; path = FastidiousChoiseCell.h; sourceTree = "<group>"; };
		FD4484E01F579A3D006533C3 /* FastidiousChoiseCell.m */ = {isa = PBXFileReference; fileEncoding = 4; lastKnownFileType = sourcecode.c.objc; path = FastidiousChoiseCell.m; sourceTree = "<group>"; };
		FD4484E11F579A3D006533C3 /* FastidiousChoiseCell.xib */ = {isa = PBXFileReference; fileEncoding = 4; lastKnownFileType = file.xib; path = FastidiousChoiseCell.xib; sourceTree = "<group>"; };
		FD4484E81F57D987006533C3 /* BGTopSilderBar.h */ = {isa = PBXFileReference; fileEncoding = 4; lastKnownFileType = sourcecode.c.h; path = BGTopSilderBar.h; sourceTree = "<group>"; };
		FD4484E91F57D987006533C3 /* BGTopSilderBar.m */ = {isa = PBXFileReference; fileEncoding = 4; lastKnownFileType = sourcecode.c.objc; path = BGTopSilderBar.m; sourceTree = "<group>"; };
		FD4484EA1F57D987006533C3 /* BGTopSilderBarCell.h */ = {isa = PBXFileReference; fileEncoding = 4; lastKnownFileType = sourcecode.c.h; path = BGTopSilderBarCell.h; sourceTree = "<group>"; };
		FD4484EB1F57D987006533C3 /* BGTopSilderBarCell.m */ = {isa = PBXFileReference; fileEncoding = 4; lastKnownFileType = sourcecode.c.objc; path = BGTopSilderBarCell.m; sourceTree = "<group>"; };
		FD4484EC1F57D987006533C3 /* BGTopSilderBarCell.xib */ = {isa = PBXFileReference; fileEncoding = 4; lastKnownFileType = file.xib; path = BGTopSilderBarCell.xib; sourceTree = "<group>"; };
		FD4484ED1F57D987006533C3 /* global.h */ = {isa = PBXFileReference; fileEncoding = 4; lastKnownFileType = sourcecode.c.h; path = global.h; sourceTree = "<group>"; };
		FD4484EE1F57D987006533C3 /* global.m */ = {isa = PBXFileReference; fileEncoding = 4; lastKnownFileType = sourcecode.c.objc; path = global.m; sourceTree = "<group>"; };
		FD4484F31F58064F006533C3 /* RushBuyCell.h */ = {isa = PBXFileReference; fileEncoding = 4; lastKnownFileType = sourcecode.c.h; path = RushBuyCell.h; sourceTree = "<group>"; };
		FD4484F41F58064F006533C3 /* RushBuyCell.m */ = {isa = PBXFileReference; fileEncoding = 4; lastKnownFileType = sourcecode.c.objc; path = RushBuyCell.m; sourceTree = "<group>"; };
		FD4484F51F58064F006533C3 /* RushBuyCell.xib */ = {isa = PBXFileReference; fileEncoding = 4; lastKnownFileType = file.xib; path = RushBuyCell.xib; sourceTree = "<group>"; };
		FD46B8661F55418C00A744AE /* LirenViewController.h */ = {isa = PBXFileReference; fileEncoding = 4; lastKnownFileType = sourcecode.c.h; path = LirenViewController.h; sourceTree = "<group>"; };
		FD46B8671F55418C00A744AE /* LirenViewController.m */ = {isa = PBXFileReference; fileEncoding = 4; lastKnownFileType = sourcecode.c.objc; path = LirenViewController.m; sourceTree = "<group>"; };
		FD46B8691F5541F500A744AE /* EntertainmentViewController.h */ = {isa = PBXFileReference; fileEncoding = 4; lastKnownFileType = sourcecode.c.h; path = EntertainmentViewController.h; sourceTree = "<group>"; };
		FD46B86A1F5541F500A744AE /* EntertainmentViewController.m */ = {isa = PBXFileReference; fileEncoding = 4; lastKnownFileType = sourcecode.c.objc; path = EntertainmentViewController.m; sourceTree = "<group>"; };
		FD46B86C1F55421E00A744AE /* ServiceViewController.h */ = {isa = PBXFileReference; fileEncoding = 4; lastKnownFileType = sourcecode.c.h; path = ServiceViewController.h; sourceTree = "<group>"; };
		FD46B86D1F55421E00A744AE /* ServiceViewController.m */ = {isa = PBXFileReference; fileEncoding = 4; lastKnownFileType = sourcecode.c.objc; path = ServiceViewController.m; sourceTree = "<group>"; };
		FD49E9211F4D6245002B8736 /* ACHProject.xcdatamodel */ = {isa = PBXFileReference; lastKnownFileType = wrapper.xcdatamodel; path = ACHProject.xcdatamodel; sourceTree = "<group>"; };
		FD49E92E1F4D6B8B002B8736 /* AppDelegate.h */ = {isa = PBXFileReference; fileEncoding = 4; lastKnownFileType = sourcecode.c.h; name = AppDelegate.h; path = ../AppDelegate.h; sourceTree = "<group>"; };
		FD49E92F1F4D6B8B002B8736 /* AppDelegate.m */ = {isa = PBXFileReference; fileEncoding = 4; lastKnownFileType = sourcecode.c.objc; name = AppDelegate.m; path = ../AppDelegate.m; sourceTree = "<group>"; };
		FD49E9301F4D6B8B002B8736 /* main.m */ = {isa = PBXFileReference; fileEncoding = 4; lastKnownFileType = sourcecode.c.objc; path = main.m; sourceTree = "<group>"; };
		FD49E9C61F4D8256002B8736 /* MuchHead.h */ = {isa = PBXFileReference; fileEncoding = 4; lastKnownFileType = sourcecode.c.h; path = MuchHead.h; sourceTree = "<group>"; };
		FD49EA2D1F4D89D9002B8736 /* UserNotifications.framework */ = {isa = PBXFileReference; lastKnownFileType = wrapper.framework; name = UserNotifications.framework; path = System/Library/Frameworks/UserNotifications.framework; sourceTree = SDKROOT; };
		FD54B9EB1F53F99D00F44DB8 /* BaseNavigationController.h */ = {isa = PBXFileReference; fileEncoding = 4; lastKnownFileType = sourcecode.c.h; path = BaseNavigationController.h; sourceTree = "<group>"; };
		FD54B9EC1F53F99D00F44DB8 /* BaseNavigationController.m */ = {isa = PBXFileReference; fileEncoding = 4; lastKnownFileType = sourcecode.c.objc; path = BaseNavigationController.m; sourceTree = "<group>"; };
		FD54B9ED1F53F99D00F44DB8 /* BaseViewController.h */ = {isa = PBXFileReference; fileEncoding = 4; lastKnownFileType = sourcecode.c.h; path = BaseViewController.h; sourceTree = "<group>"; };
		FD54B9EE1F53F99D00F44DB8 /* BaseViewController.m */ = {isa = PBXFileReference; fileEncoding = 4; lastKnownFileType = sourcecode.c.objc; path = BaseViewController.m; sourceTree = "<group>"; };
		FD54B9EF1F53F99D00F44DB8 /* RootTabBarController.h */ = {isa = PBXFileReference; fileEncoding = 4; lastKnownFileType = sourcecode.c.h; path = RootTabBarController.h; sourceTree = "<group>"; };
		FD54B9F01F53F99D00F44DB8 /* RootTabBarController.m */ = {isa = PBXFileReference; fileEncoding = 4; lastKnownFileType = sourcecode.c.objc; path = RootTabBarController.m; sourceTree = "<group>"; };
		FD54B9F41F53FB4900F44DB8 /* UIImage+Ext.h */ = {isa = PBXFileReference; fileEncoding = 4; lastKnownFileType = sourcecode.c.h; path = "UIImage+Ext.h"; sourceTree = "<group>"; };
		FD54B9F51F53FB4900F44DB8 /* UIImage+Ext.m */ = {isa = PBXFileReference; fileEncoding = 4; lastKnownFileType = sourcecode.c.objc; path = "UIImage+Ext.m"; sourceTree = "<group>"; };
		FD54B9F71F53FCE100F44DB8 /* UIView+Resuable.h */ = {isa = PBXFileReference; fileEncoding = 4; lastKnownFileType = sourcecode.c.h; path = "UIView+Resuable.h"; sourceTree = "<group>"; };
		FD54B9F81F53FCE100F44DB8 /* UIView+Resuable.m */ = {isa = PBXFileReference; fileEncoding = 4; lastKnownFileType = sourcecode.c.objc; path = "UIView+Resuable.m"; sourceTree = "<group>"; };
		FD54B9FA1F53FE4500F44DB8 /* UIControl+BlocksKit.h */ = {isa = PBXFileReference; fileEncoding = 4; lastKnownFileType = sourcecode.c.h; path = "UIControl+BlocksKit.h"; sourceTree = "<group>"; };
		FD54B9FB1F53FE4500F44DB8 /* UIControl+BlocksKit.m */ = {isa = PBXFileReference; fileEncoding = 4; lastKnownFileType = sourcecode.c.objc; path = "UIControl+BlocksKit.m"; sourceTree = "<group>"; };
		FD54BA131F54134800F44DB8 /* DotCountLabel.h */ = {isa = PBXFileReference; fileEncoding = 4; lastKnownFileType = sourcecode.c.h; path = DotCountLabel.h; sourceTree = "<group>"; };
		FD54BA141F54134800F44DB8 /* DotCountLabel.m */ = {isa = PBXFileReference; fileEncoding = 4; lastKnownFileType = sourcecode.c.objc; path = DotCountLabel.m; sourceTree = "<group>"; };
		FD54BA151F54134800F44DB8 /* YJSliderView.h */ = {isa = PBXFileReference; fileEncoding = 4; lastKnownFileType = sourcecode.c.h; path = YJSliderView.h; sourceTree = "<group>"; };
		FD54BA161F54134800F44DB8 /* YJSliderView.m */ = {isa = PBXFileReference; fileEncoding = 4; lastKnownFileType = sourcecode.c.objc; path = YJSliderView.m; sourceTree = "<group>"; };
		FD54BA191F5413E800F44DB8 /* HomeClassViewController.h */ = {isa = PBXFileReference; fileEncoding = 4; lastKnownFileType = sourcecode.c.h; path = HomeClassViewController.h; sourceTree = "<group>"; };
		FD54BA1A1F5413E800F44DB8 /* HomeClassViewController.m */ = {isa = PBXFileReference; fileEncoding = 4; lastKnownFileType = sourcecode.c.objc; path = HomeClassViewController.m; sourceTree = "<group>"; };
		FD5AEDB81F5920F000D3603E /* AdvertiseCell.h */ = {isa = PBXFileReference; fileEncoding = 4; lastKnownFileType = sourcecode.c.h; path = AdvertiseCell.h; sourceTree = "<group>"; };
		FD5AEDB91F5920F000D3603E /* AdvertiseCell.m */ = {isa = PBXFileReference; fileEncoding = 4; lastKnownFileType = sourcecode.c.objc; path = AdvertiseCell.m; sourceTree = "<group>"; };
		FD5AEDBA1F5920F000D3603E /* AdvertiseCell.xib */ = {isa = PBXFileReference; fileEncoding = 4; lastKnownFileType = file.xib; path = AdvertiseCell.xib; sourceTree = "<group>"; };
		FD5AEDC21F5937A900D3603E /* HomeToolCell.h */ = {isa = PBXFileReference; fileEncoding = 4; lastKnownFileType = sourcecode.c.h; path = HomeToolCell.h; sourceTree = "<group>"; };
		FD5AEDC31F5937A900D3603E /* HomeToolCell.m */ = {isa = PBXFileReference; fileEncoding = 4; lastKnownFileType = sourcecode.c.objc; path = HomeToolCell.m; sourceTree = "<group>"; };
		FD5AEDC41F5937A900D3603E /* HomeToolCell.xib */ = {isa = PBXFileReference; fileEncoding = 4; lastKnownFileType = file.xib; path = HomeToolCell.xib; sourceTree = "<group>"; };
		FD5AEDC71F593DFE00D3603E /* HomeToolView.h */ = {isa = PBXFileReference; fileEncoding = 4; lastKnownFileType = sourcecode.c.h; path = HomeToolView.h; sourceTree = "<group>"; };
		FD5AEDC81F593DFE00D3603E /* HomeToolView.m */ = {isa = PBXFileReference; fileEncoding = 4; lastKnownFileType = sourcecode.c.objc; path = HomeToolView.m; sourceTree = "<group>"; };
		FD745F631F4E73A6008D7086 /* default@2x.png */ = {isa = PBXFileReference; lastKnownFileType = image.png; path = "default@2x.png"; sourceTree = "<group>"; };
		FD745F641F4E73A6008D7086 /* GUIDE1.jpg */ = {isa = PBXFileReference; lastKnownFileType = image.jpeg; path = GUIDE1.jpg; sourceTree = "<group>"; };
		FD745F651F4E73A6008D7086 /* GUIDE2.jpg */ = {isa = PBXFileReference; lastKnownFileType = image.jpeg; path = GUIDE2.jpg; sourceTree = "<group>"; };
		FD745F661F4E73A6008D7086 /* GUIDE3.jpg */ = {isa = PBXFileReference; lastKnownFileType = image.jpeg; path = GUIDE3.jpg; sourceTree = "<group>"; };
		FD745F671F4E73A6008D7086 /* GUIDE4.jpg */ = {isa = PBXFileReference; lastKnownFileType = image.jpeg; path = GUIDE4.jpg; sourceTree = "<group>"; };
		FD745F6B1F4E73A6008D7086 /* LaunchImage-800-667h@2x.png */ = {isa = PBXFileReference; lastKnownFileType = image.png; path = "LaunchImage-800-667h@2x.png"; sourceTree = "<group>"; };
		FD745F6C1F4E73A6008D7086 /* launchImage@2x.png */ = {isa = PBXFileReference; lastKnownFileType = image.png; path = "launchImage@2x.png"; sourceTree = "<group>"; };
		FD745F6D1F4E73A6008D7086 /* Launchwgss@2x.png */ = {isa = PBXFileReference; lastKnownFileType = image.png; path = "Launchwgss@2x.png"; sourceTree = "<group>"; };
		FD745F831F4E757A008D7086 /* UIView+FrameExt.h */ = {isa = PBXFileReference; fileEncoding = 4; lastKnownFileType = sourcecode.c.h; path = "UIView+FrameExt.h"; sourceTree = "<group>"; };
		FD745F841F4E757A008D7086 /* UIView+FrameExt.m */ = {isa = PBXFileReference; fileEncoding = 4; lastKnownFileType = sourcecode.c.objc; path = "UIView+FrameExt.m"; sourceTree = "<group>"; };
		FD745FB61F4E7A1D008D7086 /* Helper.h */ = {isa = PBXFileReference; fileEncoding = 4; lastKnownFileType = sourcecode.c.h; path = Helper.h; sourceTree = "<group>"; };
		FD8DC64E1F4EA0F60036D193 /* AnimationView.h */ = {isa = PBXFileReference; fileEncoding = 4; lastKnownFileType = sourcecode.c.h; path = AnimationView.h; sourceTree = "<group>"; };
		FD8DC64F1F4EA0F60036D193 /* AnimationView.m */ = {isa = PBXFileReference; fileEncoding = 4; lastKnownFileType = sourcecode.c.objc; path = AnimationView.m; sourceTree = "<group>"; };
		FD8DC6571F4EAC030036D193 /* NotificationName.h */ = {isa = PBXFileReference; fileEncoding = 4; lastKnownFileType = sourcecode.c.h; path = NotificationName.h; sourceTree = "<group>"; };
		FD8DC6591F4EAE380036D193 /* HomeViewController.h */ = {isa = PBXFileReference; fileEncoding = 4; lastKnownFileType = sourcecode.c.h; path = HomeViewController.h; sourceTree = "<group>"; };
		FD8DC65A1F4EAE380036D193 /* HomeViewController.m */ = {isa = PBXFileReference; fileEncoding = 4; lastKnownFileType = sourcecode.c.objc; path = HomeViewController.m; sourceTree = "<group>"; };
		FD8DC65D1F4EB07C0036D193 /* FightGroupViewController.h */ = {isa = PBXFileReference; fileEncoding = 4; lastKnownFileType = sourcecode.c.h; path = FightGroupViewController.h; sourceTree = "<group>"; };
		FD8DC65E1F4EB07C0036D193 /* FightGroupViewController.m */ = {isa = PBXFileReference; fileEncoding = 4; lastKnownFileType = sourcecode.c.objc; path = FightGroupViewController.m; sourceTree = "<group>"; };
		FD8DC6611F4EB0BD0036D193 /* MineViewController.h */ = {isa = PBXFileReference; fileEncoding = 4; lastKnownFileType = sourcecode.c.h; path = MineViewController.h; sourceTree = "<group>"; };
		FD8DC6621F4EB0BD0036D193 /* MineViewController.m */ = {isa = PBXFileReference; fileEncoding = 4; lastKnownFileType = sourcecode.c.objc; path = MineViewController.m; sourceTree = "<group>"; };
		FD8DC6651F4EBBAA0036D193 /* CommondTools.h */ = {isa = PBXFileReference; fileEncoding = 4; lastKnownFileType = sourcecode.c.h; path = CommondTools.h; sourceTree = "<group>"; };
		FD8DC6661F4EBBAA0036D193 /* CommondTools.m */ = {isa = PBXFileReference; fileEncoding = 4; lastKnownFileType = sourcecode.c.objc; path = CommondTools.m; sourceTree = "<group>"; };
		FD8DC6681F4EBFFD0036D193 /* ViewController.h */ = {isa = PBXFileReference; fileEncoding = 4; lastKnownFileType = sourcecode.c.h; path = ViewController.h; sourceTree = "<group>"; };
		FD8DC6691F4EBFFD0036D193 /* ViewController.m */ = {isa = PBXFileReference; fileEncoding = 4; lastKnownFileType = sourcecode.c.objc; path = ViewController.m; sourceTree = "<group>"; };
/* End PBXFileReference section */

/* Begin PBXFrameworksBuildPhase section */
		1B435D761F0C79AF00CADBF5 /* Frameworks */ = {
			isa = PBXFrameworksBuildPhase;
			buildActionMask = 2147483647;
			files = (
				88ACFEF278695CB777D3AA29 /* libPods-ACHProject.a in Frameworks */,
			);
			runOnlyForDeploymentPostprocessing = 0;
		};
		1B435D921F0C79AF00CADBF5 /* Frameworks */ = {
			isa = PBXFrameworksBuildPhase;
			buildActionMask = 2147483647;
			files = (
			);
			runOnlyForDeploymentPostprocessing = 0;
		};
		1B435D9D1F0C79AF00CADBF5 /* Frameworks */ = {
			isa = PBXFrameworksBuildPhase;
			buildActionMask = 2147483647;
			files = (
			);
			runOnlyForDeploymentPostprocessing = 0;
		};
/* End PBXFrameworksBuildPhase section */

/* Begin PBXGroup section */
		1B435D701F0C79AF00CADBF5 = {
			isa = PBXGroup;
			children = (
				1B435D7B1F0C79AF00CADBF5 /* ACHProject */,
				1B435D981F0C79AF00CADBF5 /* ACHProjectTests */,
				1B435DA31F0C79AF00CADBF5 /* ACHProjectUITests */,
				1B435D7A1F0C79AF00CADBF5 /* Products */,
				F5A79D97174F327BA43A1B5E /* Pods */,
				B6BCCA0D1022AA802853A0FA /* Frameworks */,
			);
			sourceTree = "<group>";
		};
		1B435D7A1F0C79AF00CADBF5 /* Products */ = {
			isa = PBXGroup;
			children = (
				1B435D791F0C79AF00CADBF5 /* ACHProject.app */,
				1B435D951F0C79AF00CADBF5 /* ACHProjectTests.xctest */,
				1B435DA01F0C79AF00CADBF5 /* ACHProjectUITests.xctest */,
			);
			name = Products;
			sourceTree = "<group>";
		};
		1B435D7B1F0C79AF00CADBF5 /* ACHProject */ = {
			isa = PBXGroup;
			children = (
				FD49E91B1F4D5BE8002B8736 /* UI */,
				FD49E9C41F4D7FA6002B8736 /* AXDSettings */,
				FD745F791F4E757A008D7086 /* AXDTools */,
				1B435D7C1F0C79AF00CADBF5 /* Supporting Files */,
			);
			path = ACHProject;
			sourceTree = "<group>";
		};
		1B435D7C1F0C79AF00CADBF5 /* Supporting Files */ = {
			isa = PBXGroup;
			children = (
				FD49E9201F4D6245002B8736 /* ACHProject.xcdatamodeld */,
				FD8DC6681F4EBFFD0036D193 /* ViewController.h */,
				FD8DC6691F4EBFFD0036D193 /* ViewController.m */,
				FD49E9301F4D6B8B002B8736 /* main.m */,
				1B435D851F0C79AF00CADBF5 /* Main.storyboard */,
				1B435D8B1F0C79AF00CADBF5 /* Assets.xcassets */,
				1B435D8D1F0C79AF00CADBF5 /* LaunchScreen.storyboard */,
				1B435D901F0C79AF00CADBF5 /* Info.plist */,
				1B56FDD81F2736FD00D795B8 /* AXDPrefixHeader.pch */,
			);
			name = "Supporting Files";
			sourceTree = "<group>";
		};
		1B435D981F0C79AF00CADBF5 /* ACHProjectTests */ = {
			isa = PBXGroup;
			children = (
				1B435D991F0C79AF00CADBF5 /* ACHProjectTests.m */,
				1B435D9B1F0C79AF00CADBF5 /* Info.plist */,
			);
			path = ACHProjectTests;
			sourceTree = "<group>";
		};
		1B435DA31F0C79AF00CADBF5 /* ACHProjectUITests */ = {
			isa = PBXGroup;
			children = (
				1B435DA41F0C79AF00CADBF5 /* ACHProjectUITests.m */,
				1B435DA61F0C79AF00CADBF5 /* Info.plist */,
			);
			path = ACHProjectUITests;
			sourceTree = "<group>";
		};
		B6BCCA0D1022AA802853A0FA /* Frameworks */ = {
			isa = PBXGroup;
			children = (
				FD49EA2D1F4D89D9002B8736 /* UserNotifications.framework */,
				09BE148995B399C572A52F0C /* libPods-ACHProject.a */,
			);
			name = Frameworks;
			sourceTree = "<group>";
		};
		F5A79D97174F327BA43A1B5E /* Pods */ = {
			isa = PBXGroup;
			children = (
				4AE9431428C05CAA6BA3737D /* Pods-ACHProject.debug.xcconfig */,
				C6C3C96A862F8057EBA91D12 /* Pods-ACHProject.release.xcconfig */,
			);
			name = Pods;
			sourceTree = "<group>";
		};
		FD246F551F4ED9B800BC757C /* LoginController */ = {
			isa = PBXGroup;
			children = (
				FD246F591F4EDA1A00BC757C /* RegistViewController.h */,
				FD246F5A1F4EDA1A00BC757C /* RegistViewController.m */,
				FD2BEDE71F5561E9002D646A /* LoginViewController.h */,
				FD2BEDE81F5561E9002D646A /* LoginViewController.m */,
				FD2BEDE91F5561E9002D646A /* LoginViewController.xib */,
			);
			path = LoginController;
			sourceTree = "<group>";
		};
		FD2BEDEC1F556687002D646A /* HYPageView */ = {
			isa = PBXGroup;
			children = (
				FD2BEDED1F556687002D646A /* HYPageView.h */,
				FD2BEDEE1F556687002D646A /* HYPageView.m */,
			);
			path = HYPageView;
			sourceTree = "<group>";
		};
		FD37E9CB1F56BE3900B0ABDE /* Cell */ = {
			isa = PBXGroup;
			children = (
				FD37E9CC1F56BE3900B0ABDE /* PopularStoreCell.h */,
				FD37E9CD1F56BE3900B0ABDE /* PopularStoreCell.m */,
				FD37E9CE1F56BE3900B0ABDE /* PopularStoreCell.xib */,
				FD4484DF1F579A3D006533C3 /* FastidiousChoiseCell.h */,
				FD4484E01F579A3D006533C3 /* FastidiousChoiseCell.m */,
				FD4484E11F579A3D006533C3 /* FastidiousChoiseCell.xib */,
				FD4484F31F58064F006533C3 /* RushBuyCell.h */,
				FD4484F41F58064F006533C3 /* RushBuyCell.m */,
				FD4484F51F58064F006533C3 /* RushBuyCell.xib */,
				FD5AEDC21F5937A900D3603E /* HomeToolCell.h */,
				FD5AEDC31F5937A900D3603E /* HomeToolCell.m */,
				FD5AEDC41F5937A900D3603E /* HomeToolCell.xib */,
				FD5AEDB81F5920F000D3603E /* AdvertiseCell.h */,
				FD5AEDB91F5920F000D3603E /* AdvertiseCell.m */,
				FD5AEDBA1F5920F000D3603E /* AdvertiseCell.xib */,
			);
			name = Cell;
			path = Controller/Cell;
			sourceTree = "<group>";
		};
		FD4484E71F57D987006533C3 /* BGTopSilderBar */ = {
			isa = PBXGroup;
			children = (
				FD4484E81F57D987006533C3 /* BGTopSilderBar.h */,
				FD4484E91F57D987006533C3 /* BGTopSilderBar.m */,
				FD4484EA1F57D987006533C3 /* BGTopSilderBarCell.h */,
				FD4484EB1F57D987006533C3 /* BGTopSilderBarCell.m */,
				FD4484EC1F57D987006533C3 /* BGTopSilderBarCell.xib */,
				FD4484ED1F57D987006533C3 /* global.h */,
				FD4484EE1F57D987006533C3 /* global.m */,
			);
			path = BGTopSilderBar;
			sourceTree = "<group>";
		};
		FD49E91B1F4D5BE8002B8736 /* UI */ = {
			isa = PBXGroup;
			children = (
				FD49E92E1F4D6B8B002B8736 /* AppDelegate.h */,
				FD49E92F1F4D6B8B002B8736 /* AppDelegate.m */,
				FD745F5D1F4E72C5008D7086 /* GuidePage */,
				FD49E9B41F4D7CBF002B8736 /* 首页 */,
				FD49E9B31F4D7CBF002B8736 /* 拼团 */,
				FD49E9B51F4D7CBF002B8736 /* 我的 */,
				FD49E9BD1F4D7E48002B8736 /* RootVC */,
			);
			path = UI;
			sourceTree = "<group>";
		};
		FD49E9B31F4D7CBF002B8736 /* 拼团 */ = {
			isa = PBXGroup;
			children = (
				FD8DC65C1F4EAF890036D193 /* Controller */,
			);
			path = "拼团";
			sourceTree = "<group>";
		};
		FD49E9B41F4D7CBF002B8736 /* 首页 */ = {
			isa = PBXGroup;
			children = (
				FD5AEDB21F5912B700D3603E /* View */,
				FD37E9CB1F56BE3900B0ABDE /* Cell */,
				FD8DC6581F4EAE290036D193 /* Controller */,
			);
			path = "首页";
			sourceTree = "<group>";
		};
		FD49E9B51F4D7CBF002B8736 /* 我的 */ = {
			isa = PBXGroup;
			children = (
				FD8DC6601F4EB0900036D193 /* Controller */,
				FD49E9B61F4D7D13002B8736 /* Model */,
			);
			path = "我的";
			sourceTree = "<group>";
		};
		FD49E9B61F4D7D13002B8736 /* Model */ = {
			isa = PBXGroup;
			children = (
			);
			path = Model;
			sourceTree = "<group>";
		};
		FD49E9BD1F4D7E48002B8736 /* RootVC */ = {
			isa = PBXGroup;
			children = (
				FD54B9EB1F53F99D00F44DB8 /* BaseNavigationController.h */,
				FD54B9EC1F53F99D00F44DB8 /* BaseNavigationController.m */,
				FD54B9ED1F53F99D00F44DB8 /* BaseViewController.h */,
				FD54B9EE1F53F99D00F44DB8 /* BaseViewController.m */,
				FD54B9EF1F53F99D00F44DB8 /* RootTabBarController.h */,
				FD54B9F01F53F99D00F44DB8 /* RootTabBarController.m */,
				FD246F551F4ED9B800BC757C /* LoginController */,
				FD8DC6641F4EBB3B0036D193 /* CommonsTool */,
			);
			path = RootVC;
			sourceTree = "<group>";
		};
		FD49E9C41F4D7FA6002B8736 /* AXDSettings */ = {
			isa = PBXGroup;
			children = (
				FD49E9C61F4D8256002B8736 /* MuchHead.h */,
				FD745FB61F4E7A1D008D7086 /* Helper.h */,
				FD8DC6571F4EAC030036D193 /* NotificationName.h */,
			);
			path = AXDSettings;
			sourceTree = "<group>";
		};
		FD54BA121F54134800F44DB8 /* YJSliderView */ = {
			isa = PBXGroup;
			children = (
				FD54BA131F54134800F44DB8 /* DotCountLabel.h */,
				FD54BA141F54134800F44DB8 /* DotCountLabel.m */,
				FD54BA151F54134800F44DB8 /* YJSliderView.h */,
				FD54BA161F54134800F44DB8 /* YJSliderView.m */,
			);
			path = YJSliderView;
			sourceTree = "<group>";
		};
		FD5AEDB21F5912B700D3603E /* View */ = {
			isa = PBXGroup;
			children = (
				FD5AEDC71F593DFE00D3603E /* HomeToolView.h */,
				FD5AEDC81F593DFE00D3603E /* HomeToolView.m */,
			);
			path = View;
			sourceTree = "<group>";
		};
		FD745F5D1F4E72C5008D7086 /* GuidePage */ = {
			isa = PBXGroup;
			children = (
				FD745F621F4E73A6008D7086 /* welcome */,
				FD8DC64E1F4EA0F60036D193 /* AnimationView.h */,
				FD8DC64F1F4EA0F60036D193 /* AnimationView.m */,
			);
			path = GuidePage;
			sourceTree = "<group>";
		};
		FD745F621F4E73A6008D7086 /* welcome */ = {
			isa = PBXGroup;
			children = (
				FD745F631F4E73A6008D7086 /* default@2x.png */,
				FD745F641F4E73A6008D7086 /* GUIDE1.jpg */,
				FD745F651F4E73A6008D7086 /* GUIDE2.jpg */,
				FD745F661F4E73A6008D7086 /* GUIDE3.jpg */,
				FD745F671F4E73A6008D7086 /* GUIDE4.jpg */,
				FD745F6B1F4E73A6008D7086 /* LaunchImage-800-667h@2x.png */,
				FD745F6C1F4E73A6008D7086 /* launchImage@2x.png */,
				FD745F6D1F4E73A6008D7086 /* Launchwgss@2x.png */,
			);
			path = welcome;
			sourceTree = "<group>";
		};
		FD745F791F4E757A008D7086 /* AXDTools */ = {
			isa = PBXGroup;
			children = (
				FD4484E71F57D987006533C3 /* BGTopSilderBar */,
				FD2BEDEC1F556687002D646A /* HYPageView */,
				FD54BA121F54134800F44DB8 /* YJSliderView */,
				FD745F7A1F4E757A008D7086 /* Category */,
			);
			path = AXDTools;
			sourceTree = "<group>";
		};
		FD745F7A1F4E757A008D7086 /* Category */ = {
			isa = PBXGroup;
			children = (
				FD745F831F4E757A008D7086 /* UIView+FrameExt.h */,
				FD745F841F4E757A008D7086 /* UIView+FrameExt.m */,
				FD54B9F41F53FB4900F44DB8 /* UIImage+Ext.h */,
				FD54B9F51F53FB4900F44DB8 /* UIImage+Ext.m */,
				FD54B9F71F53FCE100F44DB8 /* UIView+Resuable.h */,
				FD54B9F81F53FCE100F44DB8 /* UIView+Resuable.m */,
				FD54B9FA1F53FE4500F44DB8 /* UIControl+BlocksKit.h */,
				FD54B9FB1F53FE4500F44DB8 /* UIControl+BlocksKit.m */,
			);
			path = Category;
			sourceTree = "<group>";
		};
		FD8DC6581F4EAE290036D193 /* Controller */ = {
			isa = PBXGroup;
			children = (
				FD8DC6591F4EAE380036D193 /* HomeViewController.h */,
				FD8DC65A1F4EAE380036D193 /* HomeViewController.m */,
				FD54BA191F5413E800F44DB8 /* HomeClassViewController.h */,
				FD54BA1A1F5413E800F44DB8 /* HomeClassViewController.m */,
				FD46B8661F55418C00A744AE /* LirenViewController.h */,
				FD46B8671F55418C00A744AE /* LirenViewController.m */,
				FD46B8691F5541F500A744AE /* EntertainmentViewController.h */,
				FD46B86A1F5541F500A744AE /* EntertainmentViewController.m */,
				FD46B86C1F55421E00A744AE /* ServiceViewController.h */,
				FD46B86D1F55421E00A744AE /* ServiceViewController.m */,
			);
			path = Controller;
			sourceTree = "<group>";
		};
		FD8DC65C1F4EAF890036D193 /* Controller */ = {
			isa = PBXGroup;
			children = (
				FD8DC65D1F4EB07C0036D193 /* FightGroupViewController.h */,
				FD8DC65E1F4EB07C0036D193 /* FightGroupViewController.m */,
			);
			path = Controller;
			sourceTree = "<group>";
		};
		FD8DC6601F4EB0900036D193 /* Controller */ = {
			isa = PBXGroup;
			children = (
				FD8DC6611F4EB0BD0036D193 /* MineViewController.h */,
				FD8DC6621F4EB0BD0036D193 /* MineViewController.m */,
			);
			path = Controller;
			sourceTree = "<group>";
		};
		FD8DC6641F4EBB3B0036D193 /* CommonsTool */ = {
			isa = PBXGroup;
			children = (
				FD8DC6651F4EBBAA0036D193 /* CommondTools.h */,
				FD8DC6661F4EBBAA0036D193 /* CommondTools.m */,
			);
			path = CommonsTool;
			sourceTree = "<group>";
		};
/* End PBXGroup section */

/* Begin PBXNativeTarget section */
		1B435D781F0C79AF00CADBF5 /* ACHProject */ = {
			isa = PBXNativeTarget;
			buildConfigurationList = 1B435DA91F0C79AF00CADBF5 /* Build configuration list for PBXNativeTarget "ACHProject" */;
			buildPhases = (
				08F89503A3EC398B7509AE12 /* [CP] Check Pods Manifest.lock */,
				1B435D751F0C79AF00CADBF5 /* Sources */,
				1B435D761F0C79AF00CADBF5 /* Frameworks */,
				1B435D771F0C79AF00CADBF5 /* Resources */,
				9AFCC89BDC4911838474B636 /* [CP] Embed Pods Frameworks */,
				F02B167899C912872622CB05 /* [CP] Copy Pods Resources */,
			);
			buildRules = (
			);
			dependencies = (
			);
			name = ACHProject;
			productName = ACHProject;
			productReference = 1B435D791F0C79AF00CADBF5 /* ACHProject.app */;
			productType = "com.apple.product-type.application";
		};
		1B435D941F0C79AF00CADBF5 /* ACHProjectTests */ = {
			isa = PBXNativeTarget;
			buildConfigurationList = 1B435DAC1F0C79AF00CADBF5 /* Build configuration list for PBXNativeTarget "ACHProjectTests" */;
			buildPhases = (
				1B435D911F0C79AF00CADBF5 /* Sources */,
				1B435D921F0C79AF00CADBF5 /* Frameworks */,
				1B435D931F0C79AF00CADBF5 /* Resources */,
			);
			buildRules = (
			);
			dependencies = (
				1B435D971F0C79AF00CADBF5 /* PBXTargetDependency */,
			);
			name = ACHProjectTests;
			productName = ACHProjectTests;
			productReference = 1B435D951F0C79AF00CADBF5 /* ACHProjectTests.xctest */;
			productType = "com.apple.product-type.bundle.unit-test";
		};
		1B435D9F1F0C79AF00CADBF5 /* ACHProjectUITests */ = {
			isa = PBXNativeTarget;
			buildConfigurationList = 1B435DAF1F0C79AF00CADBF5 /* Build configuration list for PBXNativeTarget "ACHProjectUITests" */;
			buildPhases = (
				1B435D9C1F0C79AF00CADBF5 /* Sources */,
				1B435D9D1F0C79AF00CADBF5 /* Frameworks */,
				1B435D9E1F0C79AF00CADBF5 /* Resources */,
			);
			buildRules = (
			);
			dependencies = (
				1B435DA21F0C79AF00CADBF5 /* PBXTargetDependency */,
			);
			name = ACHProjectUITests;
			productName = ACHProjectUITests;
			productReference = 1B435DA01F0C79AF00CADBF5 /* ACHProjectUITests.xctest */;
			productType = "com.apple.product-type.bundle.ui-testing";
		};
/* End PBXNativeTarget section */

/* Begin PBXProject section */
		1B435D711F0C79AF00CADBF5 /* Project object */ = {
			isa = PBXProject;
			attributes = {
				LastUpgradeCheck = 0830;
				ORGANIZATIONNAME = "爱享到";
				TargetAttributes = {
					1B435D781F0C79AF00CADBF5 = {
						CreatedOnToolsVersion = 8.3.3;
						ProvisioningStyle = Automatic;
					};
					1B435D941F0C79AF00CADBF5 = {
						CreatedOnToolsVersion = 8.3.3;
						ProvisioningStyle = Automatic;
						TestTargetID = 1B435D781F0C79AF00CADBF5;
					};
					1B435D9F1F0C79AF00CADBF5 = {
						CreatedOnToolsVersion = 8.3.3;
						ProvisioningStyle = Automatic;
						TestTargetID = 1B435D781F0C79AF00CADBF5;
					};
				};
			};
			buildConfigurationList = 1B435D741F0C79AF00CADBF5 /* Build configuration list for PBXProject "ACHProject" */;
			compatibilityVersion = "Xcode 3.2";
			developmentRegion = English;
			hasScannedForEncodings = 0;
			knownRegions = (
				en,
				Base,
			);
			mainGroup = 1B435D701F0C79AF00CADBF5;
			productRefGroup = 1B435D7A1F0C79AF00CADBF5 /* Products */;
			projectDirPath = "";
			projectRoot = "";
			targets = (
				1B435D781F0C79AF00CADBF5 /* ACHProject */,
				1B435D941F0C79AF00CADBF5 /* ACHProjectTests */,
				1B435D9F1F0C79AF00CADBF5 /* ACHProjectUITests */,
			);
		};
/* End PBXProject section */

/* Begin PBXResourcesBuildPhase section */
		1B435D771F0C79AF00CADBF5 /* Resources */ = {
			isa = PBXResourcesBuildPhase;
			buildActionMask = 2147483647;
			files = (
				FD745F6F1F4E73A6008D7086 /* GUIDE1.jpg in Resources */,
				FD745F6E1F4E73A6008D7086 /* default@2x.png in Resources */,
				FD4484F71F58064F006533C3 /* RushBuyCell.xib in Resources */,
				FD37E9D21F56BE3900B0ABDE /* PopularStoreCell.xib in Resources */,
				FD4484F11F57D987006533C3 /* BGTopSilderBarCell.xib in Resources */,
				1B435D8F1F0C79AF00CADBF5 /* LaunchScreen.storyboard in Resources */,
				FD745F721F4E73A6008D7086 /* GUIDE4.jpg in Resources */,
				FD745F771F4E73A6008D7086 /* launchImage@2x.png in Resources */,
				FD745F781F4E73A6008D7086 /* Launchwgss@2x.png in Resources */,
				FD745F701F4E73A6008D7086 /* GUIDE2.jpg in Resources */,
				FD745F761F4E73A6008D7086 /* LaunchImage-800-667h@2x.png in Resources */,
				FD2BEDEB1F5561E9002D646A /* LoginViewController.xib in Resources */,
				FD5AEDC61F5937A900D3603E /* HomeToolCell.xib in Resources */,
				FD5AEDBC1F5920F000D3603E /* AdvertiseCell.xib in Resources */,
				FD745F711F4E73A6008D7086 /* GUIDE3.jpg in Resources */,
				1B435D8C1F0C79AF00CADBF5 /* Assets.xcassets in Resources */,
				1B435D871F0C79AF00CADBF5 /* Main.storyboard in Resources */,
				FD4484E31F579A3D006533C3 /* FastidiousChoiseCell.xib in Resources */,
			);
			runOnlyForDeploymentPostprocessing = 0;
		};
		1B435D931F0C79AF00CADBF5 /* Resources */ = {
			isa = PBXResourcesBuildPhase;
			buildActionMask = 2147483647;
			files = (
			);
			runOnlyForDeploymentPostprocessing = 0;
		};
		1B435D9E1F0C79AF00CADBF5 /* Resources */ = {
			isa = PBXResourcesBuildPhase;
			buildActionMask = 2147483647;
			files = (
			);
			runOnlyForDeploymentPostprocessing = 0;
		};
/* End PBXResourcesBuildPhase section */

/* Begin PBXShellScriptBuildPhase section */
		08F89503A3EC398B7509AE12 /* [CP] Check Pods Manifest.lock */ = {
			isa = PBXShellScriptBuildPhase;
			buildActionMask = 2147483647;
			files = (
			);
			inputPaths = (
				"${PODS_PODFILE_DIR_PATH}/Podfile.lock",
				"${PODS_ROOT}/Manifest.lock",
			);
			name = "[CP] Check Pods Manifest.lock";
			outputPaths = (
				"$(DERIVED_FILE_DIR)/Pods-ACHProject-checkManifestLockResult.txt",
			);
			runOnlyForDeploymentPostprocessing = 0;
			shellPath = /bin/sh;
			shellScript = "diff \"${PODS_PODFILE_DIR_PATH}/Podfile.lock\" \"${PODS_ROOT}/Manifest.lock\" > /dev/null\nif [ $? != 0 ] ; then\n    # print error to STDERR\n    echo \"error: The sandbox is not in sync with the Podfile.lock. Run 'pod install' or update your CocoaPods installation.\" >&2\n    exit 1\nfi\n# This output is used by Xcode 'outputs' to avoid re-running this script phase.\necho \"SUCCESS\" > \"${SCRIPT_OUTPUT_FILE_0}\"\n";
			showEnvVarsInLog = 0;
		};
		9AFCC89BDC4911838474B636 /* [CP] Embed Pods Frameworks */ = {
			isa = PBXShellScriptBuildPhase;
			buildActionMask = 2147483647;
			files = (
			);
			inputPaths = (
			);
			name = "[CP] Embed Pods Frameworks";
			outputPaths = (
			);
			runOnlyForDeploymentPostprocessing = 0;
			shellPath = /bin/sh;
			shellScript = "\"${SRCROOT}/Pods/Target Support Files/Pods-ACHProject/Pods-ACHProject-frameworks.sh\"\n";
			showEnvVarsInLog = 0;
		};
		F02B167899C912872622CB05 /* [CP] Copy Pods Resources */ = {
			isa = PBXShellScriptBuildPhase;
			buildActionMask = 2147483647;
			files = (
			);
			inputPaths = (
				"${SRCROOT}/Pods/Target Support Files/Pods-ACHProject/Pods-ACHProject-resources.sh",
				"${PODS_ROOT}/IQKeyboardManager/IQKeyBoardManager/Resources/IQKeyboardManager.bundle",
				"${PODS_ROOT}/MJRefresh/MJRefresh/MJRefresh.bundle",
			);
			name = "[CP] Copy Pods Resources";
			outputPaths = (
				"${TARGET_BUILD_DIR}/${UNLOCALIZED_RESOURCES_FOLDER_PATH}",
			);
			runOnlyForDeploymentPostprocessing = 0;
			shellPath = /bin/sh;
			shellScript = "\"${SRCROOT}/Pods/Target Support Files/Pods-ACHProject/Pods-ACHProject-resources.sh\"\n";
			showEnvVarsInLog = 0;
		};
/* End PBXShellScriptBuildPhase section */

/* Begin PBXSourcesBuildPhase section */
		1B435D751F0C79AF00CADBF5 /* Sources */ = {
			isa = PBXSourcesBuildPhase;
			buildActionMask = 2147483647;
			files = (
				FD8DC6501F4EA0F60036D193 /* AnimationView.m in Sources */,
				FD4484F61F58064F006533C3 /* RushBuyCell.m in Sources */,
				FD2BEDEF1F556687002D646A /* HYPageView.m in Sources */,
				FD2BEDEA1F5561E9002D646A /* LoginViewController.m in Sources */,
				FD4484EF1F57D987006533C3 /* BGTopSilderBar.m in Sources */,
				FD8DC65F1F4EB07C0036D193 /* FightGroupViewController.m in Sources */,
				FD54BA171F54134800F44DB8 /* DotCountLabel.m in Sources */,
				FD8DC6671F4EBBAA0036D193 /* CommondTools.m in Sources */,
				FD745FA71F4E757A008D7086 /* UIView+FrameExt.m in Sources */,
				FD8DC66A1F4EBFFD0036D193 /* ViewController.m in Sources */,
				FD4484F01F57D987006533C3 /* BGTopSilderBarCell.m in Sources */,
				FD54B9F61F53FB4900F44DB8 /* UIImage+Ext.m in Sources */,
				FD46B8681F55418C00A744AE /* LirenViewController.m in Sources */,
				FD54BA1B1F5413E800F44DB8 /* HomeClassViewController.m in Sources */,
				FD54B9FC1F53FE4500F44DB8 /* UIControl+BlocksKit.m in Sources */,
				FD54B9F21F53F99D00F44DB8 /* BaseViewController.m in Sources */,
				FD54B9F31F53F99D00F44DB8 /* RootTabBarController.m in Sources */,
				FD5AEDBB1F5920F000D3603E /* AdvertiseCell.m in Sources */,
				FD8DC6631F4EB0BD0036D193 /* MineViewController.m in Sources */,
				FD4484F21F57D987006533C3 /* global.m in Sources */,
				FD54B9F11F53F99D00F44DB8 /* BaseNavigationController.m in Sources */,
				FD49E9251F4D6245002B8736 /* ACHProject.xcdatamodeld in Sources */,
				FD5AEDC51F5937A900D3603E /* HomeToolCell.m in Sources */,
				FD8DC65B1F4EAE380036D193 /* HomeViewController.m in Sources */,
				FD46B86B1F5541F500A744AE /* EntertainmentViewController.m in Sources */,
				FD37E9D11F56BE3900B0ABDE /* PopularStoreCell.m in Sources */,
				FD49E9311F4D6B8B002B8736 /* AppDelegate.m in Sources */,
				FD49E9321F4D6B8B002B8736 /* main.m in Sources */,
				FD4484E21F579A3D006533C3 /* FastidiousChoiseCell.m in Sources */,
				FD246F5B1F4EDA1A00BC757C /* RegistViewController.m in Sources */,
				FD46B86E1F55421E00A744AE /* ServiceViewController.m in Sources */,
				FD5AEDC91F593DFE00D3603E /* HomeToolView.m in Sources */,
				FD54B9F91F53FCE100F44DB8 /* UIView+Resuable.m in Sources */,
				FD54BA181F54134800F44DB8 /* YJSliderView.m in Sources */,
			);
			runOnlyForDeploymentPostprocessing = 0;
		};
		1B435D911F0C79AF00CADBF5 /* Sources */ = {
			isa = PBXSourcesBuildPhase;
			buildActionMask = 2147483647;
			files = (
				1B435D9A1F0C79AF00CADBF5 /* ACHProjectTests.m in Sources */,
			);
			runOnlyForDeploymentPostprocessing = 0;
		};
		1B435D9C1F0C79AF00CADBF5 /* Sources */ = {
			isa = PBXSourcesBuildPhase;
			buildActionMask = 2147483647;
			files = (
				1B435DA51F0C79AF00CADBF5 /* ACHProjectUITests.m in Sources */,
			);
			runOnlyForDeploymentPostprocessing = 0;
		};
/* End PBXSourcesBuildPhase section */

/* Begin PBXTargetDependency section */
		1B435D971F0C79AF00CADBF5 /* PBXTargetDependency */ = {
			isa = PBXTargetDependency;
			target = 1B435D781F0C79AF00CADBF5 /* ACHProject */;
			targetProxy = 1B435D961F0C79AF00CADBF5 /* PBXContainerItemProxy */;
		};
		1B435DA21F0C79AF00CADBF5 /* PBXTargetDependency */ = {
			isa = PBXTargetDependency;
			target = 1B435D781F0C79AF00CADBF5 /* ACHProject */;
			targetProxy = 1B435DA11F0C79AF00CADBF5 /* PBXContainerItemProxy */;
		};
/* End PBXTargetDependency section */

/* Begin PBXVariantGroup section */
		1B435D851F0C79AF00CADBF5 /* Main.storyboard */ = {
			isa = PBXVariantGroup;
			children = (
				1B435D861F0C79AF00CADBF5 /* Base */,
			);
			name = Main.storyboard;
			sourceTree = "<group>";
		};
		1B435D8D1F0C79AF00CADBF5 /* LaunchScreen.storyboard */ = {
			isa = PBXVariantGroup;
			children = (
				1B435D8E1F0C79AF00CADBF5 /* Base */,
			);
			name = LaunchScreen.storyboard;
			sourceTree = "<group>";
		};
/* End PBXVariantGroup section */

/* Begin XCBuildConfiguration section */
		1B435DA71F0C79AF00CADBF5 /* Debug */ = {
			isa = XCBuildConfiguration;
			buildSettings = {
				ALWAYS_SEARCH_USER_PATHS = NO;
				CLANG_ANALYZER_NONNULL = YES;
				CLANG_ANALYZER_NUMBER_OBJECT_CONVERSION = YES_AGGRESSIVE;
				CLANG_CXX_LANGUAGE_STANDARD = "gnu++0x";
				CLANG_CXX_LIBRARY = "libc++";
				CLANG_ENABLE_MODULES = YES;
				CLANG_ENABLE_OBJC_ARC = YES;
				CLANG_WARN_BOOL_CONVERSION = YES;
				CLANG_WARN_CONSTANT_CONVERSION = YES;
				CLANG_WARN_DIRECT_OBJC_ISA_USAGE = YES_ERROR;
				CLANG_WARN_DOCUMENTATION_COMMENTS = YES;
				CLANG_WARN_EMPTY_BODY = YES;
				CLANG_WARN_ENUM_CONVERSION = YES;
				CLANG_WARN_INFINITE_RECURSION = YES;
				CLANG_WARN_INT_CONVERSION = YES;
				CLANG_WARN_OBJC_ROOT_CLASS = YES_ERROR;
				CLANG_WARN_SUSPICIOUS_MOVE = YES;
				CLANG_WARN_UNREACHABLE_CODE = YES;
				CLANG_WARN__DUPLICATE_METHOD_MATCH = YES;
				"CODE_SIGN_IDENTITY[sdk=iphoneos*]" = "iPhone Developer";
				COPY_PHASE_STRIP = NO;
				DEBUG_INFORMATION_FORMAT = dwarf;
				ENABLE_STRICT_OBJC_MSGSEND = YES;
				ENABLE_TESTABILITY = YES;
				GCC_C_LANGUAGE_STANDARD = gnu99;
				GCC_DYNAMIC_NO_PIC = NO;
				GCC_NO_COMMON_BLOCKS = YES;
				GCC_OPTIMIZATION_LEVEL = 0;
				GCC_PREPROCESSOR_DEFINITIONS = (
					"DEBUG=1",
					"$(inherited)",
				);
				GCC_WARN_64_TO_32_BIT_CONVERSION = YES;
				GCC_WARN_ABOUT_RETURN_TYPE = YES_ERROR;
				GCC_WARN_UNDECLARED_SELECTOR = YES;
				GCC_WARN_UNINITIALIZED_AUTOS = YES_AGGRESSIVE;
				GCC_WARN_UNUSED_FUNCTION = YES;
				GCC_WARN_UNUSED_VARIABLE = YES;
				IPHONEOS_DEPLOYMENT_TARGET = 10.3;
				MTL_ENABLE_DEBUG_INFO = YES;
				ONLY_ACTIVE_ARCH = YES;
				SDKROOT = iphoneos;
				TARGETED_DEVICE_FAMILY = "1,2";
			};
			name = Debug;
		};
		1B435DA81F0C79AF00CADBF5 /* Release */ = {
			isa = XCBuildConfiguration;
			buildSettings = {
				ALWAYS_SEARCH_USER_PATHS = NO;
				CLANG_ANALYZER_NONNULL = YES;
				CLANG_ANALYZER_NUMBER_OBJECT_CONVERSION = YES_AGGRESSIVE;
				CLANG_CXX_LANGUAGE_STANDARD = "gnu++0x";
				CLANG_CXX_LIBRARY = "libc++";
				CLANG_ENABLE_MODULES = YES;
				CLANG_ENABLE_OBJC_ARC = YES;
				CLANG_WARN_BOOL_CONVERSION = YES;
				CLANG_WARN_CONSTANT_CONVERSION = YES;
				CLANG_WARN_DIRECT_OBJC_ISA_USAGE = YES_ERROR;
				CLANG_WARN_DOCUMENTATION_COMMENTS = YES;
				CLANG_WARN_EMPTY_BODY = YES;
				CLANG_WARN_ENUM_CONVERSION = YES;
				CLANG_WARN_INFINITE_RECURSION = YES;
				CLANG_WARN_INT_CONVERSION = YES;
				CLANG_WARN_OBJC_ROOT_CLASS = YES_ERROR;
				CLANG_WARN_SUSPICIOUS_MOVE = YES;
				CLANG_WARN_UNREACHABLE_CODE = YES;
				CLANG_WARN__DUPLICATE_METHOD_MATCH = YES;
				"CODE_SIGN_IDENTITY[sdk=iphoneos*]" = "iPhone Developer";
				COPY_PHASE_STRIP = NO;
				DEBUG_INFORMATION_FORMAT = "dwarf-with-dsym";
				ENABLE_NS_ASSERTIONS = NO;
				ENABLE_STRICT_OBJC_MSGSEND = YES;
				GCC_C_LANGUAGE_STANDARD = gnu99;
				GCC_NO_COMMON_BLOCKS = YES;
				GCC_WARN_64_TO_32_BIT_CONVERSION = YES;
				GCC_WARN_ABOUT_RETURN_TYPE = YES_ERROR;
				GCC_WARN_UNDECLARED_SELECTOR = YES;
				GCC_WARN_UNINITIALIZED_AUTOS = YES_AGGRESSIVE;
				GCC_WARN_UNUSED_FUNCTION = YES;
				GCC_WARN_UNUSED_VARIABLE = YES;
				IPHONEOS_DEPLOYMENT_TARGET = 10.3;
				MTL_ENABLE_DEBUG_INFO = NO;
				SDKROOT = iphoneos;
				TARGETED_DEVICE_FAMILY = "1,2";
				VALIDATE_PRODUCT = YES;
			};
			name = Release;
		};
		1B435DAA1F0C79AF00CADBF5 /* Debug */ = {
			isa = XCBuildConfiguration;
			baseConfigurationReference = 4AE9431428C05CAA6BA3737D /* Pods-ACHProject.debug.xcconfig */;
			buildSettings = {
				ASSETCATALOG_COMPILER_APPICON_NAME = AppIcon;
				GCC_PRECOMPILE_PREFIX_HEADER = NO;
				GCC_PREFIX_HEADER = ACHProject/AXDPrefixHeader.pch;
				INFOPLIST_FILE = ACHProject/Info.plist;
				LD_RUNPATH_SEARCH_PATHS = "$(inherited) @executable_path/Frameworks";
				LIBRARY_SEARCH_PATHS = (
					"$(inherited)",
					"$(PROJECT_DIR)/Others/RSA加密解密/include",
				);
				PRODUCT_BUNDLE_IDENTIFIER = ach.ACHProject;
				PRODUCT_NAME = "$(TARGET_NAME)";
			};
			name = Debug;
		};
		1B435DAB1F0C79AF00CADBF5 /* Release */ = {
			isa = XCBuildConfiguration;
			baseConfigurationReference = C6C3C96A862F8057EBA91D12 /* Pods-ACHProject.release.xcconfig */;
			buildSettings = {
				ASSETCATALOG_COMPILER_APPICON_NAME = AppIcon;
				GCC_PRECOMPILE_PREFIX_HEADER = NO;
				GCC_PREFIX_HEADER = ACHProject/AXDPrefixHeader.pch;
				INFOPLIST_FILE = ACHProject/Info.plist;
				LD_RUNPATH_SEARCH_PATHS = "$(inherited) @executable_path/Frameworks";
				LIBRARY_SEARCH_PATHS = (
					"$(inherited)",
					"$(PROJECT_DIR)/Others/RSA加密解密/include",
				);
				PRODUCT_BUNDLE_IDENTIFIER = ach.ACHProject;
				PRODUCT_NAME = "$(TARGET_NAME)";
			};
			name = Release;
		};
		1B435DAD1F0C79AF00CADBF5 /* Debug */ = {
			isa = XCBuildConfiguration;
			buildSettings = {
				BUNDLE_LOADER = "$(TEST_HOST)";
				INFOPLIST_FILE = ACHProjectTests/Info.plist;
				LD_RUNPATH_SEARCH_PATHS = "$(inherited) @executable_path/Frameworks @loader_path/Frameworks";
				PRODUCT_BUNDLE_IDENTIFIER = ach.ACHProjectTests;
				PRODUCT_NAME = "$(TARGET_NAME)";
				TEST_HOST = "$(BUILT_PRODUCTS_DIR)/ACHProject.app/ACHProject";
			};
			name = Debug;
		};
		1B435DAE1F0C79AF00CADBF5 /* Release */ = {
			isa = XCBuildConfiguration;
			buildSettings = {
				BUNDLE_LOADER = "$(TEST_HOST)";
				INFOPLIST_FILE = ACHProjectTests/Info.plist;
				LD_RUNPATH_SEARCH_PATHS = "$(inherited) @executable_path/Frameworks @loader_path/Frameworks";
				PRODUCT_BUNDLE_IDENTIFIER = ach.ACHProjectTests;
				PRODUCT_NAME = "$(TARGET_NAME)";
				TEST_HOST = "$(BUILT_PRODUCTS_DIR)/ACHProject.app/ACHProject";
			};
			name = Release;
		};
		1B435DB01F0C79AF00CADBF5 /* Debug */ = {
			isa = XCBuildConfiguration;
			buildSettings = {
				INFOPLIST_FILE = ACHProjectUITests/Info.plist;
				LD_RUNPATH_SEARCH_PATHS = "$(inherited) @executable_path/Frameworks @loader_path/Frameworks";
				PRODUCT_BUNDLE_IDENTIFIER = ach.ACHProjectUITests;
				PRODUCT_NAME = "$(TARGET_NAME)";
				TEST_TARGET_NAME = ACHProject;
			};
			name = Debug;
		};
		1B435DB11F0C79AF00CADBF5 /* Release */ = {
			isa = XCBuildConfiguration;
			buildSettings = {
				INFOPLIST_FILE = ACHProjectUITests/Info.plist;
				LD_RUNPATH_SEARCH_PATHS = "$(inherited) @executable_path/Frameworks @loader_path/Frameworks";
				PRODUCT_BUNDLE_IDENTIFIER = ach.ACHProjectUITests;
				PRODUCT_NAME = "$(TARGET_NAME)";
				TEST_TARGET_NAME = ACHProject;
			};
			name = Release;
		};
/* End XCBuildConfiguration section */

/* Begin XCConfigurationList section */
		1B435D741F0C79AF00CADBF5 /* Build configuration list for PBXProject "ACHProject" */ = {
			isa = XCConfigurationList;
			buildConfigurations = (
				1B435DA71F0C79AF00CADBF5 /* Debug */,
				1B435DA81F0C79AF00CADBF5 /* Release */,
			);
			defaultConfigurationIsVisible = 0;
			defaultConfigurationName = Release;
		};
		1B435DA91F0C79AF00CADBF5 /* Build configuration list for PBXNativeTarget "ACHProject" */ = {
			isa = XCConfigurationList;
			buildConfigurations = (
				1B435DAA1F0C79AF00CADBF5 /* Debug */,
				1B435DAB1F0C79AF00CADBF5 /* Release */,
			);
			defaultConfigurationIsVisible = 0;
			defaultConfigurationName = Release;
		};
		1B435DAC1F0C79AF00CADBF5 /* Build configuration list for PBXNativeTarget "ACHProjectTests" */ = {
			isa = XCConfigurationList;
			buildConfigurations = (
				1B435DAD1F0C79AF00CADBF5 /* Debug */,
				1B435DAE1F0C79AF00CADBF5 /* Release */,
			);
			defaultConfigurationIsVisible = 0;
			defaultConfigurationName = Release;
		};
		1B435DAF1F0C79AF00CADBF5 /* Build configuration list for PBXNativeTarget "ACHProjectUITests" */ = {
			isa = XCConfigurationList;
			buildConfigurations = (
				1B435DB01F0C79AF00CADBF5 /* Debug */,
				1B435DB11F0C79AF00CADBF5 /* Release */,
			);
			defaultConfigurationIsVisible = 0;
			defaultConfigurationName = Release;
		};
/* End XCConfigurationList section */

/* Begin XCVersionGroup section */
		FD49E9201F4D6245002B8736 /* ACHProject.xcdatamodeld */ = {
			isa = XCVersionGroup;
			children = (
				FD49E9211F4D6245002B8736 /* ACHProject.xcdatamodel */,
			);
			currentVersion = FD49E9211F4D6245002B8736 /* ACHProject.xcdatamodel */;
			path = ACHProject.xcdatamodeld;
			sourceTree = "<group>";
			versionGroupType = wrapper.xcdatamodel;
		};
/* End XCVersionGroup section */
	};
	rootObject = 1B435D711F0C79AF00CADBF5 /* Project object */;
}
